{
  "name": "04_mh_modbustcp_tester",
  "version": "1.0.0",
  "lockfileVersion": 1,
  "requires": true,
  "dependencies": {
    "ping": {
      "version": "0.2.2",
      "resolved": "https://registry.npmjs.org/ping/-/ping-0.2.2.tgz",
      "integrity": "sha1-GA+3UIwdx0eThJvONcgHP5llvOI=",
      "requires": {
        "q": "1.5.1",
        "underscore": "1.8.3"
      }
    },
    "q": {
      "version": "1.5.1",
      "resolved": "https://registry.npmjs.org/q/-/q-1.5.1.tgz",
      "integrity": "sha1-fjL3W0E4EpHQRhHxvxQQmsAGUdc="
    },
    "underscore": {
      "version": "1.8.3",
      "resolved": "https://registry.npmjs.org/underscore/-/underscore-1.8.3.tgz",
      "integrity": "sha1-Tz+1OxBuYJf8+ctBCfKl6b36UCI="
    }
  }
}
